
Microsoft Visual Studio Solution File, Format Version 12.00
# Visual Studio Version 16
VisualStudioVersion = 16.0.31515.178
MinimumVisualStudioVersion = 10.0.40219.1
Project("{FAE04EC0-301F-11D3-BF4B-00C04F79EFBC}") = "Casino.Api", "CasinoApi\Casino.Api.csproj", "{F739A409-AA51-42F7-9465-F94714080FE7}"
EndProject
Project("{FAE04EC0-301F-11D3-BF4B-00C04F79EFBC}") = "CasinoApi.Test", "Casino.Api.Test\CasinoApi.Test.csproj", "{3D80DDF3-F059-45C7-B63C-D258F51C2DB8}"
EndProject
Global
	GlobalSection(SolutionConfigurationPlatforms) = preSolution
		Debug|Any CPU = Debug|Any CPU
		Release|Any CPU = Release|Any CPU
	EndGlobalSection
	GlobalSection(ProjectConfigurationPlatforms) = postSolution
		{F739A409-AA51-42F7-9465-F94714080FE7}.Debug|Any CPU.ActiveCfg = Debug|Any CPU
		{F739A409-AA51-42F7-9465-F94714080FE7}.Debug|Any CPU.Build.0 = Debug|Any CPU
		{F739A409-AA51-42F7-9465-F94714080FE7}.Release|Any CPU.ActiveCfg = Release|Any CPU
		{F739A409-AA51-42F7-9465-F94714080FE7}.Release|Any CPU.Build.0 = Release|Any CPU
		{3D80DDF3-F059-45C7-B63C-D258F51C2DB8}.Debug|Any CPU.ActiveCfg = Debug|Any CPU
		{3D80DDF3-F059-45C7-B63C-D258F51C2DB8}.Debug|Any CPU.Build.0 = Debug|Any CPU
		{3D80DDF3-F059-45C7-B63C-D258F51C2DB8}.Release|Any CPU.ActiveCfg = Release|Any CPU
		{3D80DDF3-F059-45C7-B63C-D258F51C2DB8}.Release|Any CPU.Build.0 = Release|Any CPU
	EndGlobalSection
	GlobalSection(SolutionProperties) = preSolution
		HideSolutionNode = FALSE
	EndGlobalSection
	GlobalSection(ExtensibilityGlobals) = postSolution
		SolutionGuid = {E2E89441-57A6-49B8-B154-A9E35B2B2788}
	EndGlobalSection
EndGlobal
